// !$*UTF8*$!
{
	archiveVersion = 1;
	classes = {
	};
	objectVersion = 50;
	objects = {

/* Begin PBXBuildFile section */
		6E681048246919CC00C06EA2 /* AppDelegate.swift in Sources */ = {isa = PBXBuildFile; fileRef = 6E681047246919CC00C06EA2 /* AppDelegate.swift */; };
		6E68104A246919CC00C06EA2 /* SceneDelegate.swift in Sources */ = {isa = PBXBuildFile; fileRef = 6E681049246919CC00C06EA2 /* SceneDelegate.swift */; };
		6E68104C246919CC00C06EA2 /* ViewController.swift in Sources */ = {isa = PBXBuildFile; fileRef = 6E68104B246919CC00C06EA2 /* ViewController.swift */; };
		6E68104F246919CC00C06EA2 /* Main.storyboard in Resources */ = {isa = PBXBuildFile; fileRef = 6E68104D246919CC00C06EA2 /* Main.storyboard */; };
		6E681051246919D000C06EA2 /* Assets.xcassets in Resources */ = {isa = PBXBuildFile; fileRef = 6E681050246919D000C06EA2 /* Assets.xcassets */; };
		6E681054246919D000C06EA2 /* LaunchScreen.storyboard in Resources */ = {isa = PBXBuildFile; fileRef = 6E681052246919D000C06EA2 /* LaunchScreen.storyboard */; };
		6E68105F246919D100C06EA2 /* PhotoMasterTests.swift in Sources */ = {isa = PBXBuildFile; fileRef = 6E68105E246919D100C06EA2 /* PhotoMasterTests.swift */; };
		6E68106A246919D100C06EA2 /* PhotoMasterUITests.swift in Sources */ = {isa = PBXBuildFile; fileRef = 6E681069246919D100C06EA2 /* PhotoMasterUITests.swift */; };
/* End PBXBuildFile section */

/* Begin PBXContainerItemProxy section */
		6E68105B246919D100C06EA2 /* PBXContainerItemProxy */ = {
			isa = PBXContainerItemProxy;
			containerPortal = 6E68103C246919CC00C06EA2 /* Project object */;
			proxyType = 1;
			remoteGlobalIDString = 6E681043246919CC00C06EA2;
			remoteInfo = PhotoMaster;
		};
		6E681066246919D100C06EA2 /* PBXContainerItemProxy */ = {
			isa = PBXContainerItemProxy;
			containerPortal = 6E68103C246919CC00C06EA2 /* Project object */;
			proxyType = 1;
			remoteGlobalIDString = 6E681043246919CC00C06EA2;
			remoteInfo = PhotoMaster;
		};
/* End PBXContainerItemProxy section */

/* Begin PBXFileReference section */
		6E681044246919CC00C06EA2 /* PhotoMaster.app */ = {isa = PBXFileReference; explicitFileType = wrapper.application; includeInIndex = 0; path = PhotoMaster.app; sourceTree = BUILT_PRODUCTS_DIR; };
		6E681047246919CC00C06EA2 /* AppDelegate.swift */ = {isa = PBXFileReference; lastKnownFileType = sourcecode.swift; path = AppDelegate.swift; sourceTree = "<group>"; };
		6E681049246919CC00C06EA2 /* SceneDelegate.swift */ = {isa = PBXFileReference; lastKnownFileType = sourcecode.swift; path = SceneDelegate.swift; sourceTree = "<group>"; };
		6E68104B246919CC00C06EA2 /* ViewController.swift */ = {isa = PBXFileReference; lastKnownFileType = sourcecode.swift; path = ViewController.swift; sourceTree = "<group>"; };
		6E68104E246919CC00C06EA2 /* Base */ = {isa = PBXFileReference; lastKnownFileType = file.storyboard; name = Base; path = Base.lproj/Main.storyboard; sourceTree = "<group>"; };
		6E681050246919D000C06EA2 /* Assets.xcassets */ = {isa = PBXFileReference; lastKnownFileType = folder.assetcatalog; path = Assets.xcassets; sourceTree = "<group>"; };
		6E681053246919D000C06EA2 /* Base */ = {isa = PBXFileReference; lastKnownFileType = file.storyboard; name = Base; path = Base.lproj/LaunchScreen.storyboard; sourceTree = "<group>"; };
		6E681055246919D000C06EA2 /* Info.plist */ = {isa = PBXFileReference; lastKnownFileType = text.plist.xml; path = Info.plist; sourceTree = "<group>"; };
		6E68105A246919D100C06EA2 /* PhotoMasterTests.xctest */ = {isa = PBXFileReference; explicitFileType = wrapper.cfbundle; includeInIndex = 0; path = PhotoMasterTests.xctest; sourceTree = BUILT_PRODUCTS_DIR; };
		6E68105E246919D100C06EA2 /* PhotoMasterTests.swift */ = {isa = PBXFileReference; lastKnownFileType = sourcecode.swift; path = PhotoMasterTests.swift; sourceTree = "<group>"; };
		6E681060246919D100C06EA2 /* Info.plist */ = {isa = PBXFileReference; lastKnownFileType = text.plist.xml; path = Info.plist; sourceTree = "<group>"; };
		6E681065246919D100C06EA2 /* PhotoMasterUITests.xctest */ = {isa = PBXFileReference; explicitFileType = wrapper.cfbundle; includeInIndex = 0; path = PhotoMasterUITests.xctest; sourceTree = BUILT_PRODUCTS_DIR; };
		6E681069246919D100C06EA2 /* PhotoMasterUITests.swift */ = {isa = PBXFileReference; lastKnownFileType = sourcecode.swift; path = PhotoMasterUITests.swift; sourceTree = "<group>"; };
		6E68106B246919D100C06EA2 /* Info.plist */ = {isa = PBXFileReference; lastKnownFileType = text.plist.xml; path = Info.plist; sourceTree = "<group>"; };
/* End PBXFileReference section */

/* Begin PBXFrameworksBuildPhase section */
		6E681041246919CC00C06EA2 /* Frameworks */ = {
			isa = PBXFrameworksBuildPhase;
			buildActionMask = 2147483647;
			files = (
			);
			runOnlyForDeploymentPostprocessing = 0;
		};
		6E681057246919D100C06EA2 /* Frameworks */ = {
			isa = PBXFrameworksBuildPhase;
			buildActionMask = 2147483647;
			files = (
			);
			runOnlyForDeploymentPostprocessing = 0;
		};
		6E681062246919D100C06EA2 /* Frameworks */ = {
			isa = PBXFrameworksBuildPhase;
			buildActionMask = 2147483647;
			files = (
			);
			runOnlyForDeploymentPostprocessing = 0;
		};
/* End PBXFrameworksBuildPhase section */

/* Begin PBXGroup section */
		6E68103B246919CC00C06EA2 = {
			isa = PBXGroup;
			children = (
				6E681046246919CC00C06EA2 /* PhotoMaster */,
				6E68105D246919D100C06EA2 /* PhotoMasterTests */,
				6E681068246919D100C06EA2 /* PhotoMasterUITests */,
				6E681045246919CC00C06EA2 /* Products */,
			);
			sourceTree = "<group>";
		};
		6E681045246919CC00C06EA2 /* Products */ = {
			isa = PBXGroup;
			children = (
				6E681044246919CC00C06EA2 /* PhotoMaster.app */,
				6E68105A246919D100C06EA2 /* PhotoMasterTests.xctest */,
				6E681065246919D100C06EA2 /* PhotoMasterUITests.xctest */,
			);
			name = Products;
			sourceTree = "<group>";
		};
		6E681046246919CC00C06EA2 /* PhotoMaster */ = {
			isa = PBXGroup;
			children = (
				6E681047246919CC00C06EA2 /* AppDelegate.swift */,
				6E681049246919CC00C06EA2 /* SceneDelegate.swift */,
				6E68104B246919CC00C06EA2 /* ViewController.swift */,
				6E68104D246919CC00C06EA2 /* Main.storyboard */,
				6E681050246919D000C06EA2 /* Assets.xcassets */,
				6E681052246919D000C06EA2 /* LaunchScreen.storyboard */,
				6E681055246919D000C06EA2 /* Info.plist */,
			);
			path = PhotoMaster;
			sourceTree = "<group>";
		};
		6E68105D246919D100C06EA2 /* PhotoMasterTests */ = {
			isa = PBXGroup;
			children = (
				6E68105E246919D100C06EA2 /* PhotoMasterTests.swift */,
				6E681060246919D100C06EA2 /* Info.plist */,
			);
			path = PhotoMasterTests;
			sourceTree = "<group>";
		};
		6E681068246919D100C06EA2 /* PhotoMasterUITests */ = {
			isa = PBXGroup;
			children = (
				6E681069246919D100C06EA2 /* PhotoMasterUITests.swift */,
				6E68106B246919D100C06EA2 /* Info.plist */,
			);
			path = PhotoMasterUITests;
			sourceTree = "<group>";
		};
/* End PBXGroup section */

/* Begin PBXNativeTarget section */
		6E681043246919CC00C06EA2 /* PhotoMaster */ = {
			isa = PBXNativeTarget;
			buildConfigurationList = 6E68106E246919D100C06EA2 /* Build configuration list for PBXNativeTarget "PhotoMaster" */;
			buildPhases = (
				6E681040246919CC00C06EA2 /* Sources */,
				6E681041246919CC00C06EA2 /* Frameworks */,
				6E681042246919CC00C06EA2 /* Resources */,
			);
			buildRules = (
			);
			dependencies = (
			);
			name = PhotoMaster;
			productName = PhotoMaster;
			productReference = 6E681044246919CC00C06EA2 /* PhotoMaster.app */;
			productType = "com.apple.product-type.application";
		};
		6E681059246919D100C06EA2 /* PhotoMasterTests */ = {
			isa = PBXNativeTarget;
			buildConfigurationList = 6E681071246919D100C06EA2 /* Build configuration list for PBXNativeTarget "PhotoMasterTests" */;
			buildPhases = (
				6E681056246919D100C06EA2 /* Sources */,
				6E681057246919D100C06EA2 /* Frameworks */,
				6E681058246919D100C06EA2 /* Resources */,
			);
			buildRules = (
			);
			dependencies = (
				6E68105C246919D100C06EA2 /* PBXTargetDependency */,
			);
			name = PhotoMasterTests;
			productName = PhotoMasterTests;
			productReference = 6E68105A246919D100C06EA2 /* PhotoMasterTests.xctest */;
			productType = "com.apple.product-type.bundle.unit-test";
		};
		6E681064246919D100C06EA2 /* PhotoMasterUITests */ = {
			isa = PBXNativeTarget;
			buildConfigurationList = 6E681074246919D100C06EA2 /* Build configuration list for PBXNativeTarget "PhotoMasterUITests" */;
			buildPhases = (
				6E681061246919D100C06EA2 /* Sources */,
				6E681062246919D100C06EA2 /* Frameworks */,
				6E681063246919D100C06EA2 /* Resources */,
			);
			buildRules = (
			);
			dependencies = (
				6E681067246919D100C06EA2 /* PBXTargetDependency */,
			);
			name = PhotoMasterUITests;
			productName = PhotoMasterUITests;
			productReference = 6E681065246919D100C06EA2 /* PhotoMasterUITests.xctest */;
			productType = "com.apple.product-type.bundle.ui-testing";
		};
/* End PBXNativeTarget section */

/* Begin PBXProject section */
		6E68103C246919CC00C06EA2 /* Project object */ = {
			isa = PBXProject;
			attributes = {
				LastSwiftUpdateCheck = 1140;
				LastUpgradeCheck = 1140;
				ORGANIZATIONNAME = "Okada Hattsunn";
				TargetAttributes = {
					6E681043246919CC00C06EA2 = {
						CreatedOnToolsVersion = 11.4.1;
					};
					6E681059246919D100C06EA2 = {
						CreatedOnToolsVersion = 11.4.1;
						TestTargetID = 6E681043246919CC00C06EA2;
					};
					6E681064246919D100C06EA2 = {
						CreatedOnToolsVersion = 11.4.1;
						TestTargetID = 6E681043246919CC00C06EA2;
					};
				};
			};
			buildConfigurationList = 6E68103F246919CC00C06EA2 /* Build configuration list for PBXProject "PhotoMaster" */;
			compatibilityVersion = "Xcode 9.3";
			developmentRegion = en;
			hasScannedForEncodings = 0;
			knownRegions = (
				en,
				Base,
			);
			mainGroup = 6E68103B246919CC00C06EA2;
			productRefGroup = 6E681045246919CC00C06EA2 /* Products */;
			projectDirPath = "";
			projectRoot = "";
			targets = (
				6E681043246919CC00C06EA2 /* PhotoMaster */,
				6E681059246919D100C06EA2 /* PhotoMasterTests */,
				6E681064246919D100C06EA2 /* PhotoMasterUITests */,
			);
		};
/* End PBXProject section */

/* Begin PBXResourcesBuildPhase section */
		6E681042246919CC00C06EA2 /* Resources */ = {
			isa = PBXResourcesBuildPhase;
			buildActionMask = 2147483647;
			files = (
				6E681054246919D000C06EA2 /* LaunchScreen.storyboard in Resources */,
				6E681051246919D000C06EA2 /* Assets.xcassets in Resources */,
				6E68104F246919CC00C06EA2 /* Main.storyboard in Resources */,
			);
			runOnlyForDeploymentPostprocessing = 0;
		};
		6E681058246919D100C06EA2 /* Resources */ = {
			isa = PBXResourcesBuildPhase;
			buildActionMask = 2147483647;
			files = (
			);
			runOnlyForDeploymentPostprocessing = 0;
		};
		6E681063246919D100C06EA2 /* Resources */ = {
			isa = PBXResourcesBuildPhase;
			buildActionMask = 2147483647;
			files = (
			);
			runOnlyForDeploymentPostprocessing = 0;
		};
/* End PBXResourcesBuildPhase section */

/* Begin PBXSourcesBuildPhase section */
		6E681040246919CC00C06EA2 /* Sources */ = {
			isa = PBXSourcesBuildPhase;
			buildActionMask = 2147483647;
			files = (
				6E68104C246919CC00C06EA2 /* ViewController.swift in Sources */,
				6E681048246919CC00C06EA2 /* AppDelegate.swift in Sources */,
				6E68104A246919CC00C06EA2 /* SceneDelegate.swift in Sources */,
			);
			runOnlyForDeploymentPostprocessing = 0;
		};
		6E681056246919D100C06EA2 /* Sources */ = {
			isa = PBXSourcesBuildPhase;
			buildActionMask = 2147483647;
			files = (
				6E68105F246919D100C06EA2 /* PhotoMasterTests.swift in Sources */,
			);
			runOnlyForDeploymentPostprocessing = 0;
		};
		6E681061246919D100C06EA2 /* Sources */ = {
			isa = PBXSourcesBuildPhase;
			buildActionMask = 2147483647;
			files = (
				6E68106A246919D100C06EA2 /* PhotoMasterUITests.swift in Sources */,
			);
			runOnlyForDeploymentPostprocessing = 0;
		};
/* End PBXSourcesBuildPhase section */

/* Begin PBXTargetDependency section */
		6E68105C246919D100C06EA2 /* PBXTargetDependency */ = {
			isa = PBXTargetDependency;
			target = 6E681043246919CC00C06EA2 /* PhotoMaster */;
			targetProxy = 6E68105B246919D100C06EA2 /* PBXContainerItemProxy */;
		};
		6E681067246919D100C06EA2 /* PBXTargetDependency */ = {
			isa = PBXTargetDependency;
			target = 6E681043246919CC00C06EA2 /* PhotoMaster */;
			targetProxy = 6E681066246919D100C06EA2 /* PBXContainerItemProxy */;
		};
/* End PBXTargetDependency section */

/* Begin PBXVariantGroup section */
		6E68104D246919CC00C06EA2 /* Main.storyboard */ = {
			isa = PBXVariantGroup;
			children = (
				6E68104E246919CC00C06EA2 /* Base */,
			);
			name = Main.storyboard;
			sourceTree = "<group>";
		};
		6E681052246919D000C06EA2 /* LaunchScreen.storyboard */ = {
			isa = PBXVariantGroup;
			children = (
				6E681053246919D000C06EA2 /* Base */,
			);
			name = LaunchScreen.storyboard;
			sourceTree = "<group>";
		};
/* End PBXVariantGroup section */

/* Begin XCBuildConfiguration section */
		6E68106C246919D100C06EA2 /* Debug */ = {
			isa = XCBuildConfiguration;
			buildSettings = {
				ALWAYS_SEARCH_USER_PATHS = NO;
				CLANG_ANALYZER_NONNULL = YES;
				CLANG_ANALYZER_NUMBER_OBJECT_CONVERSION = YES_AGGRESSIVE;
				CLANG_CXX_LANGUAGE_STANDARD = "gnu++14";
				CLANG_CXX_LIBRARY = "libc++";
				CLANG_ENABLE_MODULES = YES;
				CLANG_ENABLE_OBJC_ARC = YES;
				CLANG_ENABLE_OBJC_WEAK = YES;
				CLANG_WARN_BLOCK_CAPTURE_AUTORELEASING = YES;
				CLANG_WARN_BOOL_CONVERSION = YES;
				CLANG_WARN_COMMA = YES;
				CLANG_WARN_CONSTANT_CONVERSION = YES;
				CLANG_WARN_DEPRECATED_OBJC_IMPLEMENTATIONS = YES;
				CLANG_WARN_DIRECT_OBJC_ISA_USAGE = YES_ERROR;
				CLANG_WARN_DOCUMENTATION_COMMENTS = YES;
				CLANG_WARN_EMPTY_BODY = YES;
				CLANG_WARN_ENUM_CONVERSION = YES;
				CLANG_WARN_INFINITE_RECURSION = YES;
				CLANG_WARN_INT_CONVERSION = YES;
				CLANG_WARN_NON_LITERAL_NULL_CONVERSION = YES;
				CLANG_WARN_OBJC_IMPLICIT_RETAIN_SELF = YES;
				CLANG_WARN_OBJC_LITERAL_CONVERSION = YES;
				CLANG_WARN_OBJC_ROOT_CLASS = YES_ERROR;
				CLANG_WARN_RANGE_LOOP_ANALYSIS = YES;
				CLANG_WARN_STRICT_PROTOTYPES = YES;
				CLANG_WARN_SUSPICIOUS_MOVE = YES;
				CLANG_WARN_UNGUARDED_AVAILABILITY = YES_AGGRESSIVE;
				CLANG_WARN_UNREACHABLE_CODE = YES;
				CLANG_WARN__DUPLICATE_METHOD_MATCH = YES;
				COPY_PHASE_STRIP = NO;
				DEBUG_INFORMATION_FORMAT = dwarf;
				ENABLE_STRICT_OBJC_MSGSEND = YES;
				ENABLE_TESTABILITY = YES;
				GCC_C_LANGUAGE_STANDARD = gnu11;
				GCC_DYNAMIC_NO_PIC = NO;
				GCC_NO_COMMON_BLOCKS = YES;
				GCC_OPTIMIZATION_LEVEL = 0;
				GCC_PREPROCESSOR_DEFINITIONS = (
					"DEBUG=1",
					"$(inherited)",
				);
				GCC_WARN_64_TO_32_BIT_CONVERSION = YES;
				GCC_WARN_ABOUT_RETURN_TYPE = YES_ERROR;
				GCC_WARN_UNDECLARED_SELECTOR = YES;
				GCC_WARN_UNINITIALIZED_AUTOS = YES_AGGRESSIVE;
				GCC_WARN_UNUSED_FUNCTION = YES;
				GCC_WARN_UNUSED_VARIABLE = YES;
				IPHONEOS_DEPLOYMENT_TARGET = 13.4;
				MTL_ENABLE_DEBUG_INFO = INCLUDE_SOURCE;
				MTL_FAST_MATH = YES;
				ONLY_ACTIVE_ARCH = YES;
				SDKROOT = iphoneos;
				SWIFT_ACTIVE_COMPILATION_CONDITIONS = DEBUG;
				SWIFT_OPTIMIZATION_LEVEL = "-Onone";
			};
			name = Debug;
		};
		6E68106D246919D100C06EA2 /* Release */ = {
			isa = XCBuildConfiguration;
			buildSettings = {
				ALWAYS_SEARCH_USER_PATHS = NO;
				CLANG_ANALYZER_NONNULL = YES;
				CLANG_ANALYZER_NUMBER_OBJECT_CONVERSION = YES_AGGRESSIVE;
				CLANG_CXX_LANGUAGE_STANDARD = "gnu++14";
				CLANG_CXX_LIBRARY = "libc++";
				CLANG_ENABLE_MODULES = YES;
				CLANG_ENABLE_OBJC_ARC = YES;
				CLANG_ENABLE_OBJC_WEAK = YES;
				CLANG_WARN_BLOCK_CAPTURE_AUTORELEASING = YES;
				CLANG_WARN_BOOL_CONVERSION = YES;
				CLANG_WARN_COMMA = YES;
				CLANG_WARN_CONSTANT_CONVERSION = YES;
				CLANG_WARN_DEPRECATED_OBJC_IMPLEMENTATIONS = YES;
				CLANG_WARN_DIRECT_OBJC_ISA_USAGE = YES_ERROR;
				CLANG_WARN_DOCUMENTATION_COMMENTS = YES;
				CLANG_WARN_EMPTY_BODY = YES;
				CLANG_WARN_ENUM_CONVERSION = YES;
				CLANG_WARN_INFINITE_RECURSION = YES;
				CLANG_WARN_INT_CONVERSION = YES;
				CLANG_WARN_NON_LITERAL_NULL_CONVERSION = YES;
				CLANG_WARN_OBJC_IMPLICIT_RETAIN_SELF = YES;
				CLANG_WARN_OBJC_LITERAL_CONVERSION = YES;
				CLANG_WARN_OBJC_ROOT_CLASS = YES_ERROR;
				CLANG_WARN_RANGE_LOOP_ANALYSIS = YES;
				CLANG_WARN_STRICT_PROTOTYPES = YES;
				CLANG_WARN_SUSPICIOUS_MOVE = YES;
				CLANG_WARN_UNGUARDED_AVAILABILITY = YES_AGGRESSIVE;
				CLANG_WARN_UNREACHABLE_CODE = YES;
				CLANG_WARN__DUPLICATE_METHOD_MATCH = YES;
				COPY_PHASE_STRIP = NO;
				DEBUG_INFORMATION_FORMAT = "dwarf-with-dsym";
				ENABLE_NS_ASSERTIONS = NO;
				ENABLE_STRICT_OBJC_MSGSEND = YES;
				GCC_C_LANGUAGE_STANDARD = gnu11;
				GCC_NO_COMMON_BLOCKS = YES;
				GCC_WARN_64_TO_32_BIT_CONVERSION = YES;
				GCC_WARN_ABOUT_RETURN_TYPE = YES_ERROR;
				GCC_WARN_UNDECLARED_SELECTOR = YES;
				GCC_WARN_UNINITIALIZED_AUTOS = YES_AGGRESSIVE;
				GCC_WARN_UNUSED_FUNCTION = YES;
				GCC_WARN_UNUSED_VARIABLE = YES;
				IPHONEOS_DEPLOYMENT_TARGET = 13.4;
				MTL_ENABLE_DEBUG_INFO = NO;
				MTL_FAST_MATH = YES;
				SDKROOT = iphoneos;
				SWIFT_COMPILATION_MODE = wholemodule;
				SWIFT_OPTIMIZATION_LEVEL = "-O";
				VALIDATE_PRODUCT = YES;
			};
			name = Release;
		};
		6E68106F246919D100C06EA2 /* Debug */ = {
			isa = XCBuildConfiguration;
			buildSettings = {
				ASSETCATALOG_COMPILER_APPICON_NAME = AppIcon;
				CODE_SIGN_STYLE = Automatic;
				INFOPLIST_FILE = PhotoMaster/Info.plist;
				LD_RUNPATH_SEARCH_PATHS = (
					"$(inherited)",
					"@executable_path/Frameworks",
				);
				PRODUCT_BUNDLE_IDENTIFIER = app.Okada.Hattsunn.PhotoMaster;
				PRODUCT_NAME = "$(TARGET_NAME)";
				SWIFT_VERSION = 5.0;
				TARGETED_DEVICE_FAMILY = "1,2";
			};
			name = Debug;
		};
		6E681070246919D100C06EA2 /* Release */ = {
			isa = XCBuildConfiguration;
			buildSettings = {
				ASSETCATALOG_COMPILER_APPICON_NAME = AppIcon;
				CODE_SIGN_STYLE = Automatic;
				INFOPLIST_FILE = PhotoMaster/Info.plist;
				LD_RUNPATH_SEARCH_PATHS = (
					"$(inherited)",
					"@executable_path/Frameworks",
				);
				PRODUCT_BUNDLE_IDENTIFIER = app.Okada.Hattsunn.PhotoMaster;
				PRODUCT_NAME = "$(TARGET_NAME)";
				SWIFT_VERSION = 5.0;
				TARGETED_DEVICE_FAMILY = "1,2";
			};
			name = Release;
		};
		6E681072246919D100C06EA2 /* Debug */ = {
			isa = XCBuildConfiguration;
			buildSettings = {
				ALWAYS_EMBED_SWIFT_STANDARD_LIBRARIES = YES;
				BUNDLE_LOADER = "$(TEST_HOST)";
				CODE_SIGN_STYLE = Automatic;
				INFOPLIST_FILE = PhotoMasterTests/Info.plist;
				IPHONEOS_DEPLOYMENT_TARGET = 13.4;
				LD_RUNPATH_SEARCH_PATHS = (
					"$(inherited)",
					"@executable_path/Frameworks",
					"@loader_path/Frameworks",
				);
				PRODUCT_BUNDLE_IDENTIFIER = app.Okada.Hattsunn.PhotoMasterTests;
				PRODUCT_NAME = "$(TARGET_NAME)";
				SWIFT_VERSION = 5.0;
				TARGETED_DEVICE_FAMILY = "1,2";
				TEST_HOST = "$(BUILT_PRODUCTS_DIR)/PhotoMaster.app/PhotoMaster";
			};
			name = Debug;
		};
		6E681073246919D100C06EA2 /* Release */ = {
			isa = XCBuildConfiguration;
			buildSettings = {
				ALWAYS_EMBED_SWIFT_STANDARD_LIBRARIES = YES;
				BUNDLE_LOADER = "$(TEST_HOST)";
				CODE_SIGN_STYLE = Automatic;
				INFOPLIST_FILE = PhotoMasterTests/Info.plist;
				IPHONEOS_DEPLOYMENT_TARGET = 13.4;
				LD_RUNPATH_SEARCH_PATHS = (
					"$(inherited)",
					"@executable_path/Frameworks",
					"@loader_path/Frameworks",
				);
				PRODUCT_BUNDLE_IDENTIFIER = app.Okada.Hattsunn.PhotoMasterTests;
				PRODUCT_NAME = "$(TARGET_NAME)";
				SWIFT_VERSION = 5.0;
				TARGETED_DEVICE_FAMILY = "1,2";
				TEST_HOST = "$(BUILT_PRODUCTS_DIR)/PhotoMaster.app/PhotoMaster";
			};
			name = Release;
		};
		6E681075246919D100C06EA2 /* Debug */ = {
			isa = XCBuildConfiguration;
			buildSettings = {
				ALWAYS_EMBED_SWIFT_STANDARD_LIBRARIES = YES;
				CODE_SIGN_STYLE = Automatic;
				INFOPLIST_FILE = PhotoMasterUITests/Info.plist;
				LD_RUNPATH_SEARCH_PATHS = (
					"$(inherited)",
					"@executable_path/Frameworks",
					"@loader_path/Frameworks",
				);
				PRODUCT_BUNDLE_IDENTIFIER = app.Okada.Hattsunn.PhotoMasterUITests;
				PRODUCT_NAME = "$(TARGET_NAME)";
				SWIFT_VERSION = 5.0;
				TARGETED_DEVICE_FAMILY = "1,2";
				TEST_TARGET_NAME = PhotoMaster;
			};
			name = Debug;
		};
		6E681076246919D100C06EA2 /* Release */ = {
			isa = XCBuildConfiguration;
			buildSettings = {
				ALWAYS_EMBED_SWIFT_STANDARD_LIBRARIES = YES;
				CODE_SIGN_STYLE = Automatic;
				INFOPLIST_FILE = PhotoMasterUITests/Info.plist;
				LD_RUNPATH_SEARCH_PATHS = (
					"$(inherited)",
					"@executable_path/Frameworks",
					"@loader_path/Frameworks",
				);
				PRODUCT_BUNDLE_IDENTIFIER = app.Okada.Hattsunn.PhotoMasterUITests;
				PRODUCT_NAME = "$(TARGET_NAME)";
				SWIFT_VERSION = 5.0;
				TARGETED_DEVICE_FAMILY = "1,2";
				TEST_TARGET_NAME = PhotoMaster;
			};
			name = Release;
		};
/* End XCBuildConfiguration section */

/* Begin XCConfigurationList section */
		6E68103F246919CC00C06EA2 /* Build configuration list for PBXProject "PhotoMaster" */ = {
			isa = XCConfigurationList;
			buildConfigurations = (
				6E68106C246919D100C06EA2 /* Debug */,
				6E68106D246919D100C06EA2 /* Release */,
			);
			defaultConfigurationIsVisible = 0;
			defaultConfigurationName = Release;
		};
		6E68106E246919D100C06EA2 /* Build configuration list for PBXNativeTarget "PhotoMaster" */ = {
			isa = XCConfigurationList;
			buildConfigurations = (
				6E68106F246919D100C06EA2 /* Debug */,
				6E681070246919D100C06EA2 /* Release */,
			);
			defaultConfigurationIsVisible = 0;
			defaultConfigurationName = Release;
		};
		6E681071246919D100C06EA2 /* Build configuration list for PBXNativeTarget "PhotoMasterTests" */ = {
			isa = XCConfigurationList;
			buildConfigurations = (
				6E681072246919D100C06EA2 /* Debug */,
				6E681073246919D100C06EA2 /* Release */,
			);
			defaultConfigurationIsVisible = 0;
			defaultConfigurationName = Release;
		};
		6E681074246919D100C06EA2 /* Build configuration list for PBXNativeTarget "PhotoMasterUITests" */ = {
			isa = XCConfigurationList;
			buildConfigurations = (
				6E681075246919D100C06EA2 /* Debug */,
				6E681076246919D100C06EA2 /* Release */,
			);
			defaultConfigurationIsVisible = 0;
			defaultConfigurationName = Release;
		};
/* End XCConfigurationList section */
	};
	rootObject = 6E68103C246919CC00C06EA2 /* Project object */;
}
